github.com/esdandreu/go-protoc v0.6.0 h1:BHiVAzLy8tiqvqyF69DyLf6+WBw0GJOlDZW4F8/KWDo=
github.com/esdandreu/go-protoc v0.6.0/go.mod h1:KUD/BgvFG3chkrvxl5ZswQ3GOH5wfsNz2Mz3OoLE3aE=
golang.org/x/mod v0.28.0 h1:gQBtGhjxykdjY9YhZpSlZIsbnaE2+PgjfLWUQTnoZ1U=
golang.org/x/mod v0.28.0/go.mod h1:yfB/L0NOf/kmEbXjzCPOx1iK1fRutOydrCMsqRhEBxI=
