github.com/esdandreu/go-protoc v0.2.0 h1:dhysyhzCNwJly3DMMqOJI5p/plrGGofFaBfSOfImNb8=
github.com/esdandreu/go-protoc v0.2.0/go.mod h1:KioZ3EXLEH5/s8WR0x5C7wqePvw8uXF7905GDsJO3B4=
golang.org/x/mod v0.28.0 h1:gQBtGhjxykdjY9YhZpSlZIsbnaE2+PgjfLWUQTnoZ1U=
golang.org/x/mod v0.28.0/go.mod h1:yfB/L0NOf/kmEbXjzCPOx1iK1fRutOydrCMsqRhEBxI=
